
Microsoft Visual Studio Solution File, Format Version 12.00
# Visual Studio Version 17
VisualStudioVersion = 17.9.34728.123
MinimumVisualStudioVersion = 10.0.40219.1
Project("{FAE04EC0-301F-11D3-BF4B-00C04F79EFBC}") = "JobApplication", "JobApplication\JobApplication.csproj", "{8ECD424C-5064-4EAB-8B40-CCF9E8FB77E7}"
EndProject
Project("{FAE04EC0-301F-11D3-BF4B-00C04F79EFBC}") = "JonApplicationLİbrary.UnitTest", "JonApplicationLİbrary.UnitTest\JonApplicationLİbrary.UnitTest.csproj", "{1E006EBC-DB1C-4C47-9913-141F31EAD847}"
EndProject
Global
	GlobalSection(SolutionConfigurationPlatforms) = preSolution
		Debug|Any CPU = Debug|Any CPU
		Release|Any CPU = Release|Any CPU
	EndGlobalSection
	GlobalSection(ProjectConfigurationPlatforms) = postSolution
		{8ECD424C-5064-4EAB-8B40-CCF9E8FB77E7}.Debug|Any CPU.ActiveCfg = Debug|Any CPU
		{8ECD424C-5064-4EAB-8B40-CCF9E8FB77E7}.Debug|Any CPU.Build.0 = Debug|Any CPU
		{8ECD424C-5064-4EAB-8B40-CCF9E8FB77E7}.Release|Any CPU.ActiveCfg = Release|Any CPU
		{8ECD424C-5064-4EAB-8B40-CCF9E8FB77E7}.Release|Any CPU.Build.0 = Release|Any CPU
		{1E006EBC-DB1C-4C47-9913-141F31EAD847}.Debug|Any CPU.ActiveCfg = Debug|Any CPU
		{1E006EBC-DB1C-4C47-9913-141F31EAD847}.Debug|Any CPU.Build.0 = Debug|Any CPU
		{1E006EBC-DB1C-4C47-9913-141F31EAD847}.Release|Any CPU.ActiveCfg = Release|Any CPU
		{1E006EBC-DB1C-4C47-9913-141F31EAD847}.Release|Any CPU.Build.0 = Release|Any CPU
	EndGlobalSection
	GlobalSection(SolutionProperties) = preSolution
		HideSolutionNode = FALSE
	EndGlobalSection
	GlobalSection(ExtensibilityGlobals) = postSolution
		SolutionGuid = {C191B16D-C178-4E8C-9904-C77C9618443F}
	EndGlobalSection
EndGlobal
